// !$*UTF8*$!
{
	archiveVersion = 1;
	classes = {
	};
	objectVersion = 56;
	objects = {

/* Begin PBXBuildFile section */
		6B671A0B2B57603200278A5C /* AppDelegate.swift in Sources */ = {isa = PBXBuildFile; fileRef = 6B671A0A2B57603200278A5C /* AppDelegate.swift */; };
		6B671A0D2B57603200278A5C /* ViewController.swift in Sources */ = {isa = PBXBuildFile; fileRef = 6B671A0C2B57603200278A5C /* ViewController.swift */; };
		6B671A0F2B57603300278A5C /* Assets.xcassets in Resources */ = {isa = PBXBuildFile; fileRef = 6B671A0E2B57603300278A5C /* Assets.xcassets */; };
		6B671A122B57603300278A5C /* Main.storyboard in Resources */ = {isa = PBXBuildFile; fileRef = 6B671A102B57603300278A5C /* Main.storyboard */; };
		E6D35A7AD08A366135985D90 /* Pods_LCPermissionsKitDemo.framework in Frameworks */ = {isa = PBXBuildFile; fileRef = 133C71164C5A0D908418B544 /* Pods_LCPermissionsKitDemo.framework */; };
/* End PBXBuildFile section */

/* Begin PBXFileReference section */
		133C71164C5A0D908418B544 /* Pods_LCPermissionsKitDemo.framework */ = {isa = PBXFileReference; explicitFileType = wrapper.framework; includeInIndex = 0; path = Pods_LCPermissionsKitDemo.framework; sourceTree = BUILT_PRODUCTS_DIR; };
		1992E9F596EBFB81217F6180 /* Pods-LCPermissionsKitDemo.debug.xcconfig */ = {isa = PBXFileReference; includeInIndex = 1; lastKnownFileType = text.xcconfig; name = "Pods-LCPermissionsKitDemo.debug.xcconfig"; path = "Target Support Files/Pods-LCPermissionsKitDemo/Pods-LCPermissionsKitDemo.debug.xcconfig"; sourceTree = "<group>"; };
		6B671A072B57603200278A5C /* LCPermissionsKitDemo.app */ = {isa = PBXFileReference; explicitFileType = wrapper.application; includeInIndex = 0; path = LCPermissionsKitDemo.app; sourceTree = BUILT_PRODUCTS_DIR; };
		6B671A0A2B57603200278A5C /* AppDelegate.swift */ = {isa = PBXFileReference; lastKnownFileType = sourcecode.swift; path = AppDelegate.swift; sourceTree = "<group>"; };
		6B671A0C2B57603200278A5C /* ViewController.swift */ = {isa = PBXFileReference; lastKnownFileType = sourcecode.swift; path = ViewController.swift; sourceTree = "<group>"; };
		6B671A0E2B57603300278A5C /* Assets.xcassets */ = {isa = PBXFileReference; lastKnownFileType = folder.assetcatalog; path = Assets.xcassets; sourceTree = "<group>"; };
		6B671A112B57603300278A5C /* Base */ = {isa = PBXFileReference; lastKnownFileType = file.storyboard; name = Base; path = Base.lproj/Main.storyboard; sourceTree = "<group>"; };
		6B671A132B57603300278A5C /* LCPermissionsKitDemo.entitlements */ = {isa = PBXFileReference; lastKnownFileType = text.plist.entitlements; path = LCPermissionsKitDemo.entitlements; sourceTree = "<group>"; };
		A1E13E20F2E94C39E652BD51 /* Pods-LCPermissionsKit.release.xcconfig */ = {isa = PBXFileReference; includeInIndex = 1; lastKnownFileType = text.xcconfig; name = "Pods-LCPermissionsKit.release.xcconfig"; path = "Target Support Files/Pods-LCPermissionsKit/Pods-LCPermissionsKit.release.xcconfig"; sourceTree = "<group>"; };
		A85C3710729E2F28432C0EF8 /* Pods-LCPermissionsKitDemo.release.xcconfig */ = {isa = PBXFileReference; includeInIndex = 1; lastKnownFileType = text.xcconfig; name = "Pods-LCPermissionsKitDemo.release.xcconfig"; path = "Target Support Files/Pods-LCPermissionsKitDemo/Pods-LCPermissionsKitDemo.release.xcconfig"; sourceTree = "<group>"; };
		C38B979349A900AD7EEBCC5D /* Pods-LCPermissionsKit.debug.xcconfig */ = {isa = PBXFileReference; includeInIndex = 1; lastKnownFileType = text.xcconfig; name = "Pods-LCPermissionsKit.debug.xcconfig"; path = "Target Support Files/Pods-LCPermissionsKit/Pods-LCPermissionsKit.debug.xcconfig"; sourceTree = "<group>"; };
/* End PBXFileReference section */

/* Begin PBXFrameworksBuildPhase section */
		6B671A042B57603200278A5C /* Frameworks */ = {
			isa = PBXFrameworksBuildPhase;
			buildActionMask = 2147483647;
			files = (
				E6D35A7AD08A366135985D90 /* Pods_LCPermissionsKitDemo.framework in Frameworks */,
			);
			runOnlyForDeploymentPostprocessing = 0;
		};
/* End PBXFrameworksBuildPhase section */

/* Begin PBXGroup section */
		17B90F9924617B507128A5B1 /* Frameworks */ = {
			isa = PBXGroup;
			children = (
				133C71164C5A0D908418B544 /* Pods_LCPermissionsKitDemo.framework */,
			);
			name = Frameworks;
			sourceTree = "<group>";
		};
		6B6719FE2B57603200278A5C = {
			isa = PBXGroup;
			children = (
				6B671A092B57603200278A5C /* LCPermissionsKitDemo */,
				6B671A082B57603200278A5C /* Products */,
				B6014C4BD7C8EB6D1191C332 /* Pods */,
				17B90F9924617B507128A5B1 /* Frameworks */,
			);
			sourceTree = "<group>";
		};
		6B671A082B57603200278A5C /* Products */ = {
			isa = PBXGroup;
			children = (
				6B671A072B57603200278A5C /* LCPermissionsKitDemo.app */,
			);
			name = Products;
			sourceTree = "<group>";
		};
		6B671A092B57603200278A5C /* LCPermissionsKitDemo */ = {
			isa = PBXGroup;
			children = (
				6B671A0A2B57603200278A5C /* AppDelegate.swift */,
				6B671A0C2B57603200278A5C /* ViewController.swift */,
				6B671A0E2B57603300278A5C /* Assets.xcassets */,
				6B671A102B57603300278A5C /* Main.storyboard */,
				6B671A132B57603300278A5C /* LCPermissionsKitDemo.entitlements */,
			);
			path = LCPermissionsKitDemo;
			sourceTree = "<group>";
		};
		B6014C4BD7C8EB6D1191C332 /* Pods */ = {
			isa = PBXGroup;
			children = (
				C38B979349A900AD7EEBCC5D /* Pods-LCPermissionsKit.debug.xcconfig */,
				A1E13E20F2E94C39E652BD51 /* Pods-LCPermissionsKit.release.xcconfig */,
				1992E9F596EBFB81217F6180 /* Pods-LCPermissionsKitDemo.debug.xcconfig */,
				A85C3710729E2F28432C0EF8 /* Pods-LCPermissionsKitDemo.release.xcconfig */,
			);
			path = Pods;
			sourceTree = "<group>";
		};
/* End PBXGroup section */

/* Begin PBXNativeTarget section */
		6B671A062B57603200278A5C /* LCPermissionsKitDemo */ = {
			isa = PBXNativeTarget;
			buildConfigurationList = 6B671A162B57603300278A5C /* Build configuration list for PBXNativeTarget "LCPermissionsKitDemo" */;
			buildPhases = (
				73DFE472127AB8CED47CBB8F /* [CP] Check Pods Manifest.lock */,
				6B671A032B57603200278A5C /* Sources */,
				6B671A042B57603200278A5C /* Frameworks */,
				6B671A052B57603200278A5C /* Resources */,
				48BCD983A860DAA814097AF3 /* [CP] Embed Pods Frameworks */,
			);
			buildRules = (
			);
			dependencies = (
			);
			name = LCPermissionsKitDemo;
			productName = LCPermissionsKit;
			productReference = 6B671A072B57603200278A5C /* LCPermissionsKitDemo.app */;
			productType = "com.apple.product-type.application";
		};
/* End PBXNativeTarget section */

/* Begin PBXProject section */
		6B6719FF2B57603200278A5C /* Project object */ = {
			isa = PBXProject;
			attributes = {
				BuildIndependentTargetsInParallel = 1;
				LastSwiftUpdateCheck = 1420;
				LastUpgradeCheck = 1420;
				TargetAttributes = {
					6B671A062B57603200278A5C = {
						CreatedOnToolsVersion = 14.2;
					};
				};
			};
			buildConfigurationList = 6B671A022B57603200278A5C /* Build configuration list for PBXProject "LCPermissionsKitDemo" */;
			compatibilityVersion = "Xcode 14.0";
			developmentRegion = en;
			hasScannedForEncodings = 0;
			knownRegions = (
				en,
				Base,
			);
			mainGroup = 6B6719FE2B57603200278A5C;
			productRefGroup = 6B671A082B57603200278A5C /* Products */;
			projectDirPath = "";
			projectRoot = "";
			targets = (
				6B671A062B57603200278A5C /* LCPermissionsKitDemo */,
			);
		};
/* End PBXProject section */

/* Begin PBXResourcesBuildPhase section */
		6B671A052B57603200278A5C /* Resources */ = {
			isa = PBXResourcesBuildPhase;
			buildActionMask = 2147483647;
			files = (
				6B671A0F2B57603300278A5C /* Assets.xcassets in Resources */,
				6B671A122B57603300278A5C /* Main.storyboard in Resources */,
			);
			runOnlyForDeploymentPostprocessing = 0;
		};
/* End PBXResourcesBuildPhase section */

/* Begin PBXShellScriptBuildPhase section */
		48BCD983A860DAA814097AF3 /* [CP] Embed Pods Frameworks */ = {
			isa = PBXShellScriptBuildPhase;
			buildActionMask = 2147483647;
			files = (
			);
			inputFileListPaths = (
				"${PODS_ROOT}/Target Support Files/Pods-LCPermissionsKitDemo/Pods-LCPermissionsKitDemo-frameworks-${CONFIGURATION}-input-files.xcfilelist",
			);
			name = "[CP] Embed Pods Frameworks";
			outputFileListPaths = (
				"${PODS_ROOT}/Target Support Files/Pods-LCPermissionsKitDemo/Pods-LCPermissionsKitDemo-frameworks-${CONFIGURATION}-output-files.xcfilelist",
			);
			runOnlyForDeploymentPostprocessing = 0;
			shellPath = /bin/sh;
			shellScript = "\"${PODS_ROOT}/Target Support Files/Pods-LCPermissionsKitDemo/Pods-LCPermissionsKitDemo-frameworks.sh\"\n";
			showEnvVarsInLog = 0;
		};
		73DFE472127AB8CED47CBB8F /* [CP] Check Pods Manifest.lock */ = {
			isa = PBXShellScriptBuildPhase;
			buildActionMask = 2147483647;
			files = (
			);
			inputFileListPaths = (
			);
			inputPaths = (
				"${PODS_PODFILE_DIR_PATH}/Podfile.lock",
				"${PODS_ROOT}/Manifest.lock",
			);
			name = "[CP] Check Pods Manifest.lock";
			outputFileListPaths = (
			);
			outputPaths = (
				"$(DERIVED_FILE_DIR)/Pods-LCPermissionsKitDemo-checkManifestLockResult.txt",
			);
			runOnlyForDeploymentPostprocessing = 0;
			shellPath = /bin/sh;
			shellScript = "diff \"${PODS_PODFILE_DIR_PATH}/Podfile.lock\" \"${PODS_ROOT}/Manifest.lock\" > /dev/null\nif [ $? != 0 ] ; then\n    # print error to STDERR\n    echo \"error: The sandbox is not in sync with the Podfile.lock. Run 'pod install' or update your CocoaPods installation.\" >&2\n    exit 1\nfi\n# This output is used by Xcode 'outputs' to avoid re-running this script phase.\necho \"SUCCESS\" > \"${SCRIPT_OUTPUT_FILE_0}\"\n";
			showEnvVarsInLog = 0;
		};
/* End PBXShellScriptBuildPhase section */

/* Begin PBXSourcesBuildPhase section */
		6B671A032B57603200278A5C /* Sources */ = {
			isa = PBXSourcesBuildPhase;
			buildActionMask = 2147483647;
			files = (
				6B671A0D2B57603200278A5C /* ViewController.swift in Sources */,
				6B671A0B2B57603200278A5C /* AppDelegate.swift in Sources */,
			);
			runOnlyForDeploymentPostprocessing = 0;
		};
/* End PBXSourcesBuildPhase section */

/* Begin PBXVariantGroup section */
		6B671A102B57603300278A5C /* Main.storyboard */ = {
			isa = PBXVariantGroup;
			children = (
				6B671A112B57603300278A5C /* Base */,
			);
			name = Main.storyboard;
			sourceTree = "<group>";
		};
/* End PBXVariantGroup section */

/* Begin XCBuildConfiguration section */
		6B671A142B57603300278A5C /* Debug */ = {
			isa = XCBuildConfiguration;
			buildSettings = {
				ALWAYS_SEARCH_USER_PATHS = NO;
				CLANG_ANALYZER_NONNULL = YES;
				CLANG_ANALYZER_NUMBER_OBJECT_CONVERSION = YES_AGGRESSIVE;
				CLANG_CXX_LANGUAGE_STANDARD = "gnu++20";
				CLANG_ENABLE_MODULES = YES;
				CLANG_ENABLE_OBJC_ARC = YES;
				CLANG_ENABLE_OBJC_WEAK = YES;
				CLANG_WARN_BLOCK_CAPTURE_AUTORELEASING = YES;
				CLANG_WARN_BOOL_CONVERSION = YES;
				CLANG_WARN_COMMA = YES;
				CLANG_WARN_CONSTANT_CONVERSION = YES;
				CLANG_WARN_DEPRECATED_OBJC_IMPLEMENTATIONS = YES;
				CLANG_WARN_DIRECT_OBJC_ISA_USAGE = YES_ERROR;
				CLANG_WARN_DOCUMENTATION_COMMENTS = YES;
				CLANG_WARN_EMPTY_BODY = YES;
				CLANG_WARN_ENUM_CONVERSION = YES;
				CLANG_WARN_INFINITE_RECURSION = YES;
				CLANG_WARN_INT_CONVERSION = YES;
				CLANG_WARN_NON_LITERAL_NULL_CONVERSION = YES;
				CLANG_WARN_OBJC_IMPLICIT_RETAIN_SELF = YES;
				CLANG_WARN_OBJC_LITERAL_CONVERSION = YES;
				CLANG_WARN_OBJC_ROOT_CLASS = YES_ERROR;
				CLANG_WARN_QUOTED_INCLUDE_IN_FRAMEWORK_HEADER = YES;
				CLANG_WARN_RANGE_LOOP_ANALYSIS = YES;
				CLANG_WARN_STRICT_PROTOTYPES = YES;
				CLANG_WARN_SUSPICIOUS_MOVE = YES;
				CLANG_WARN_UNGUARDED_AVAILABILITY = YES_AGGRESSIVE;
				CLANG_WARN_UNREACHABLE_CODE = YES;
				CLANG_WARN__DUPLICATE_METHOD_MATCH = YES;
				COPY_PHASE_STRIP = NO;
				DEBUG_INFORMATION_FORMAT = dwarf;
				ENABLE_STRICT_OBJC_MSGSEND = YES;
				ENABLE_TESTABILITY = YES;
				GCC_C_LANGUAGE_STANDARD = gnu11;
				GCC_DYNAMIC_NO_PIC = NO;
				GCC_NO_COMMON_BLOCKS = YES;
				GCC_OPTIMIZATION_LEVEL = 0;
				GCC_PREPROCESSOR_DEFINITIONS = (
					"DEBUG=1",
					"$(inherited)",
				);
				GCC_WARN_64_TO_32_BIT_CONVERSION = YES;
				GCC_WARN_ABOUT_RETURN_TYPE = YES_ERROR;
				GCC_WARN_UNDECLARED_SELECTOR = YES;
				GCC_WARN_UNINITIALIZED_AUTOS = YES_AGGRESSIVE;
				GCC_WARN_UNUSED_FUNCTION = YES;
				GCC_WARN_UNUSED_VARIABLE = YES;
				MACOSX_DEPLOYMENT_TARGET = 12.7;
				MTL_ENABLE_DEBUG_INFO = INCLUDE_SOURCE;
				MTL_FAST_MATH = YES;
				ONLY_ACTIVE_ARCH = YES;
				SDKROOT = macosx;
				SWIFT_ACTIVE_COMPILATION_CONDITIONS = DEBUG;
				SWIFT_OPTIMIZATION_LEVEL = "-Onone";
			};
			name = Debug;
		};
		6B671A152B57603300278A5C /* Release */ = {
			isa = XCBuildConfiguration;
			buildSettings = {
				ALWAYS_SEARCH_USER_PATHS = NO;
				CLANG_ANALYZER_NONNULL = YES;
				CLANG_ANALYZER_NUMBER_OBJECT_CONVERSION = YES_AGGRESSIVE;
				CLANG_CXX_LANGUAGE_STANDARD = "gnu++20";
				CLANG_ENABLE_MODULES = YES;
				CLANG_ENABLE_OBJC_ARC = YES;
				CLANG_ENABLE_OBJC_WEAK = YES;
				CLANG_WARN_BLOCK_CAPTURE_AUTORELEASING = YES;
				CLANG_WARN_BOOL_CONVERSION = YES;
				CLANG_WARN_COMMA = YES;
				CLANG_WARN_CONSTANT_CONVERSION = YES;
				CLANG_WARN_DEPRECATED_OBJC_IMPLEMENTATIONS = YES;
				CLANG_WARN_DIRECT_OBJC_ISA_USAGE = YES_ERROR;
				CLANG_WARN_DOCUMENTATION_COMMENTS = YES;
				CLANG_WARN_EMPTY_BODY = YES;
				CLANG_WARN_ENUM_CONVERSION = YES;
				CLANG_WARN_INFINITE_RECURSION = YES;
				CLANG_WARN_INT_CONVERSION = YES;
				CLANG_WARN_NON_LITERAL_NULL_CONVERSION = YES;
				CLANG_WARN_OBJC_IMPLICIT_RETAIN_SELF = YES;
				CLANG_WARN_OBJC_LITERAL_CONVERSION = YES;
				CLANG_WARN_OBJC_ROOT_CLASS = YES_ERROR;
				CLANG_WARN_QUOTED_INCLUDE_IN_FRAMEWORK_HEADER = YES;
				CLANG_WARN_RANGE_LOOP_ANALYSIS = YES;
				CLANG_WARN_STRICT_PROTOTYPES = YES;
				CLANG_WARN_SUSPICIOUS_MOVE = YES;
				CLANG_WARN_UNGUARDED_AVAILABILITY = YES_AGGRESSIVE;
				CLANG_WARN_UNREACHABLE_CODE = YES;
				CLANG_WARN__DUPLICATE_METHOD_MATCH = YES;
				COPY_PHASE_STRIP = NO;
				DEBUG_INFORMATION_FORMAT = "dwarf-with-dsym";
				ENABLE_NS_ASSERTIONS = NO;
				ENABLE_STRICT_OBJC_MSGSEND = YES;
				GCC_C_LANGUAGE_STANDARD = gnu11;
				GCC_NO_COMMON_BLOCKS = YES;
				GCC_WARN_64_TO_32_BIT_CONVERSION = YES;
				GCC_WARN_ABOUT_RETURN_TYPE = YES_ERROR;
				GCC_WARN_UNDECLARED_SELECTOR = YES;
				GCC_WARN_UNINITIALIZED_AUTOS = YES_AGGRESSIVE;
				GCC_WARN_UNUSED_FUNCTION = YES;
				GCC_WARN_UNUSED_VARIABLE = YES;
				MACOSX_DEPLOYMENT_TARGET = 12.7;
				MTL_ENABLE_DEBUG_INFO = NO;
				MTL_FAST_MATH = YES;
				SDKROOT = macosx;
				SWIFT_COMPILATION_MODE = wholemodule;
				SWIFT_OPTIMIZATION_LEVEL = "-O";
			};
			name = Release;
		};
		6B671A172B57603300278A5C /* Debug */ = {
			isa = XCBuildConfiguration;
			baseConfigurationReference = 1992E9F596EBFB81217F6180 /* Pods-LCPermissionsKitDemo.debug.xcconfig */;
			buildSettings = {
				ASSETCATALOG_COMPILER_APPICON_NAME = AppIcon;
				ASSETCATALOG_COMPILER_GLOBAL_ACCENT_COLOR_NAME = AccentColor;
				CODE_SIGN_ENTITLEMENTS = LCPermissionsKitDemo/LCPermissionsKitDemo.entitlements;
				CODE_SIGN_STYLE = Automatic;
				COMBINE_HIDPI_IMAGES = YES;
				CURRENT_PROJECT_VERSION = 1;
				DEVELOPMENT_TEAM = QTU7D3WQQ9;
				ENABLE_HARDENED_RUNTIME = YES;
				GENERATE_INFOPLIST_FILE = YES;
				INFOPLIST_FILE = LCPermissionsKitDemo/Info.plist;
				INFOPLIST_KEY_NSCalendarsUsageDescription = "Test Description Calendars";
				INFOPLIST_KEY_NSContactsUsageDescription = "Test Description Contacts";
				INFOPLIST_KEY_NSHumanReadableCopyright = "";
				INFOPLIST_KEY_NSMainStoryboardFile = Main;
				INFOPLIST_KEY_NSPhotoLibraryAddUsageDescription = P;
				INFOPLIST_KEY_NSPhotoLibraryUsageDescription = "Photos Desc";
				INFOPLIST_KEY_NSPrincipalClass = NSApplication;
				INFOPLIST_KEY_NSRemindersUsageDescription = "Test Description Reminders";
				LD_RUNPATH_SEARCH_PATHS = (
					"$(inherited)",
					"@executable_path/../Frameworks",
				);
				MACOSX_DEPLOYMENT_TARGET = 10.15;
				MARKETING_VERSION = 1.0;
				PRODUCT_BUNDLE_IDENTIFIER = cn.better365.LCPermissionsKit;
				PRODUCT_NAME = "$(TARGET_NAME)";
				SWIFT_EMIT_LOC_STRINGS = YES;
				SWIFT_VERSION = 5.0;
			};
			name = Debug;
		};
		6B671A182B57603300278A5C /* Release */ = {
			isa = XCBuildConfiguration;
			baseConfigurationReference = A85C3710729E2F28432C0EF8 /* Pods-LCPermissionsKitDemo.release.xcconfig */;
			buildSettings = {
				ASSETCATALOG_COMPILER_APPICON_NAME = AppIcon;
				ASSETCATALOG_COMPILER_GLOBAL_ACCENT_COLOR_NAME = AccentColor;
				CODE_SIGN_ENTITLEMENTS = LCPermissionsKitDemo/LCPermissionsKitDemo.entitlements;
				CODE_SIGN_STYLE = Automatic;
				COMBINE_HIDPI_IMAGES = YES;
				CURRENT_PROJECT_VERSION = 1;
				DEVELOPMENT_TEAM = QTU7D3WQQ9;
				ENABLE_HARDENED_RUNTIME = YES;
				GENERATE_INFOPLIST_FILE = YES;
				INFOPLIST_FILE = LCPermissionsKitDemo/Info.plist;
				INFOPLIST_KEY_NSCalendarsUsageDescription = "Test Description Calendars";
				INFOPLIST_KEY_NSContactsUsageDescription = "Test Description Contacts";
				INFOPLIST_KEY_NSHumanReadableCopyright = "";
				INFOPLIST_KEY_NSMainStoryboardFile = Main;
				INFOPLIST_KEY_NSPhotoLibraryAddUsageDescription = P;
				INFOPLIST_KEY_NSPhotoLibraryUsageDescription = "Photos Desc";
				INFOPLIST_KEY_NSPrincipalClass = NSApplication;
				INFOPLIST_KEY_NSRemindersUsageDescription = "Test Description Reminders";
				LD_RUNPATH_SEARCH_PATHS = (
					"$(inherited)",
					"@executable_path/../Frameworks",
				);
				MACOSX_DEPLOYMENT_TARGET = 10.15;
				MARKETING_VERSION = 1.0;
				PRODUCT_BUNDLE_IDENTIFIER = cn.better365.LCPermissionsKit;
				PRODUCT_NAME = "$(TARGET_NAME)";
				SWIFT_EMIT_LOC_STRINGS = YES;
				SWIFT_VERSION = 5.0;
			};
			name = Release;
		};
/* End XCBuildConfiguration section */

/* Begin XCConfigurationList section */
		6B671A022B57603200278A5C /* Build configuration list for PBXProject "LCPermissionsKitDemo" */ = {
			isa = XCConfigurationList;
			buildConfigurations = (
				6B671A142B57603300278A5C /* Debug */,
				6B671A152B57603300278A5C /* Release */,
			);
			defaultConfigurationIsVisible = 0;
			defaultConfigurationName = Release;
		};
		6B671A162B57603300278A5C /* Build configuration list for PBXNativeTarget "LCPermissionsKitDemo" */ = {
			isa = XCConfigurationList;
			buildConfigurations = (
				6B671A172B57603300278A5C /* Debug */,
				6B671A182B57603300278A5C /* Release */,
			);
			defaultConfigurationIsVisible = 0;
			defaultConfigurationName = Release;
		};
/* End XCConfigurationList section */
	};
	rootObject = 6B6719FF2B57603200278A5C /* Project object */;
}
